
Microsoft Visual Studio Solution File, Format Version 12.00
# Visual Studio Version 16
VisualStudioVersion = 16.0.30320.27
MinimumVisualStudioVersion = 10.0.40219.1
Project("{FAE04EC0-301F-11D3-BF4B-00C04F79EFBC}") = "DulAlgorithm", "DulAlgorithm\DulAlgorithm.csproj", "{7F50650E-0EE1-4882-8D7F-107A37E46DB7}"
EndProject
Project("{FAE04EC0-301F-11D3-BF4B-00C04F79EFBC}") = "DulAlgorithm.ConsoleApp", "DulAlgorithm.ConsoleApp\DulAlgorithm.ConsoleApp.csproj", "{52658A04-3537-48C9-BBC2-23D6FBE2024C}"
EndProject
Project("{FAE04EC0-301F-11D3-BF4B-00C04F79EFBC}") = "DulAlgorithm.WindowsFormsApp", "DulAlgorithm.WindowsFormsApp\DulAlgorithm.WindowsFormsApp.csproj", "{5EECF8F9-0B9A-4094-B149-3DB4E8319320}"
EndProject
Global
	GlobalSection(SolutionConfigurationPlatforms) = preSolution
		Debug|Any CPU = Debug|Any CPU
		Release|Any CPU = Release|Any CPU
	EndGlobalSection
	GlobalSection(ProjectConfigurationPlatforms) = postSolution
		{7F50650E-0EE1-4882-8D7F-107A37E46DB7}.Debug|Any CPU.ActiveCfg = Debug|Any CPU
		{7F50650E-0EE1-4882-8D7F-107A37E46DB7}.Debug|Any CPU.Build.0 = Debug|Any CPU
		{7F50650E-0EE1-4882-8D7F-107A37E46DB7}.Release|Any CPU.ActiveCfg = Release|Any CPU
		{7F50650E-0EE1-4882-8D7F-107A37E46DB7}.Release|Any CPU.Build.0 = Release|Any CPU
		{52658A04-3537-48C9-BBC2-23D6FBE2024C}.Debug|Any CPU.ActiveCfg = Debug|Any CPU
		{52658A04-3537-48C9-BBC2-23D6FBE2024C}.Debug|Any CPU.Build.0 = Debug|Any CPU
		{52658A04-3537-48C9-BBC2-23D6FBE2024C}.Release|Any CPU.ActiveCfg = Release|Any CPU
		{52658A04-3537-48C9-BBC2-23D6FBE2024C}.Release|Any CPU.Build.0 = Release|Any CPU
		{5EECF8F9-0B9A-4094-B149-3DB4E8319320}.Debug|Any CPU.ActiveCfg = Debug|Any CPU
		{5EECF8F9-0B9A-4094-B149-3DB4E8319320}.Debug|Any CPU.Build.0 = Debug|Any CPU
		{5EECF8F9-0B9A-4094-B149-3DB4E8319320}.Release|Any CPU.ActiveCfg = Release|Any CPU
		{5EECF8F9-0B9A-4094-B149-3DB4E8319320}.Release|Any CPU.Build.0 = Release|Any CPU
	EndGlobalSection
	GlobalSection(SolutionProperties) = preSolution
		HideSolutionNode = FALSE
	EndGlobalSection
	GlobalSection(ExtensibilityGlobals) = postSolution
		SolutionGuid = {0A1C524A-53A8-4AE2-97A5-A2D4FA731083}
	EndGlobalSection
EndGlobal
